<?xml version="1.0" encoding="utf-8"?>
<Project ToolsVersion="4.0" xmlns="http://schemas.microsoft.com/developer/msbuild/2003">
  <ItemGroup>
    <Filter Include="Source Files">
      <UniqueIdentifier>{4FC737F1-C7A5-4376-A066-2A32D752A2FF}</UniqueIdentifier>
      <Extensions>cpp;c;cc;cxx;c++;cppm;ixx;def;odl;idl;hpj;bat;asm;asmx</Extensions>
    </Filter>
    <Filter Include="Header Files">
      <UniqueIdentifier>{93995380-89BD-4b04-88EB-625FBE52EBFB}</UniqueIdentifier>
      <Extensions>h;hh;hpp;hxx;h++;hm;inl;inc;ipp;xsd</Extensions>
    </Filter>
    <Filter Include="Resource Files">
      <UniqueIdentifier>{67DA6AB6-F800-4c08-8B7A-83BB121AAD01}</UniqueIdentifier>
      <Extensions>rc;ico;cur;bmp;dlg;rc2;rct;bin;rgs;gif;jpg;jpeg;jpe;resx;tiff;tif;png;wav;mfcribbon-ms</Extensions>
    </Filter>
    <Filter Include="Source Files\yolo">
      <UniqueIdentifier>{fb9b2285-5deb-45e5-afab-1f492126f408}</UniqueIdentifier>
    </Filter>
    <Filter Include="Header Files\yolo">
      <UniqueIdentifier>{74351d43-a286-4d4d-938c-b7723ad65be4}</UniqueIdentifier>
    </Filter>
  </ItemGroup>
  <ItemGroup>
    <ClCompile Include="scanQRCode.cpp">
      <Filter>Source Files</Filter>
    </ClCompile>
    <ClCompile Include="qrcodegen.cpp">
      <Filter>Source Files</Filter>
    </ClCompile>
    <ClCompile Include="main.cpp">
      <Filter>Source Files</Filter>
    </ClCompile>
    <ClCompile Include="ar_test.cpp">
      <Filter>Source Files</Filter>
    </ClCompile>
    <ClCompile Include="ar_Serial.cpp">
      <Filter>Source Files</Filter>
    </ClCompile>
    <ClCompile Include="ar_Code.cpp">
      <Filter>Source Files</Filter>
    </ClCompile>
    <ClCompile Include="database.cpp">
      <Filter>Source Files</Filter>
    </ClCompile>
    <ClCompile Include="database_config.cpp">
      <Filter>Source Files</Filter>
    </ClCompile>
    <ClCompile Include="detection.cpp">
      <Filter>Source Files\yolo</Filter>
    </ClCompile>
    <ClCompile Include="inference.cpp">
      <Filter>Source Files\yolo</Filter>
    </ClCompile>
    <ClCompile Include="utils.cpp">
      <Filter>Source Files\yolo</Filter>
    </ClCompile>
    <ClCompile Include="yoloTest.cpp">
      <Filter>Source Files\yolo</Filter>
    </ClCompile>
  </ItemGroup>
  <ItemGroup>
    <ClInclude Include="qrcodegen.hpp">
      <Filter>Header Files</Filter>
    </ClInclude>
    <ClInclude Include="scanQRCode.h">
      <Filter>Header Files</Filter>
    </ClInclude>
    <ClInclude Include="ar_SerialClass.h">
      <Filter>Header Files</Filter>
    </ClInclude>
    <ClInclude Include="database.h">
      <Filter>Header Files</Filter>
    </ClInclude>
    <ClInclude Include="database_config.h">
      <Filter>Header Files</Filter>
    </ClInclude>
    <ClInclude Include="detection.h">
      <Filter>Header Files\yolo</Filter>
    </ClInclude>
    <ClInclude Include="inference.h">
      <Filter>Header Files\yolo</Filter>
    </ClInclude>
    <ClInclude Include="utils.h">
      <Filter>Header Files\yolo</Filter>
    </ClInclude>
  </ItemGroup>
</Project>